
Microsoft Visual Studio Solution File, Format Version 12.00
# Visual Studio 15
VisualStudioVersion = 15.0.27004.2008
MinimumVisualStudioVersion = 10.0.40219.1
Project("{FAE04EC0-301F-11D3-BF4B-00C04F79EFBC}") = "ContractorWeb", "ContractorWeb\ContractorWeb.csproj", "{BA7C7EA6-164E-433D-835E-5DEA858C1362}"
EndProject
Project("{FAE04EC0-301F-11D3-BF4B-00C04F79EFBC}") = "ContractorCore", "ContractorCore\ContractorCore.csproj", "{53961A0A-37A5-449A-B8A0-ACC6EA1455EC}"
EndProject
Global
	GlobalSection(SolutionConfigurationPlatforms) = preSolution
		Debug|Any CPU = Debug|Any CPU
		Release|Any CPU = Release|Any CPU
	EndGlobalSection
	GlobalSection(ProjectConfigurationPlatforms) = postSolution
		{BA7C7EA6-164E-433D-835E-5DEA858C1362}.Debug|Any CPU.ActiveCfg = Debug|Any CPU
		{BA7C7EA6-164E-433D-835E-5DEA858C1362}.Debug|Any CPU.Build.0 = Debug|Any CPU
		{BA7C7EA6-164E-433D-835E-5DEA858C1362}.Release|Any CPU.ActiveCfg = Release|Any CPU
		{BA7C7EA6-164E-433D-835E-5DEA858C1362}.Release|Any CPU.Build.0 = Release|Any CPU
		{53961A0A-37A5-449A-B8A0-ACC6EA1455EC}.Debug|Any CPU.ActiveCfg = Debug|Any CPU
		{53961A0A-37A5-449A-B8A0-ACC6EA1455EC}.Debug|Any CPU.Build.0 = Debug|Any CPU
		{53961A0A-37A5-449A-B8A0-ACC6EA1455EC}.Release|Any CPU.ActiveCfg = Release|Any CPU
		{53961A0A-37A5-449A-B8A0-ACC6EA1455EC}.Release|Any CPU.Build.0 = Release|Any CPU
	EndGlobalSection
	GlobalSection(SolutionProperties) = preSolution
		HideSolutionNode = FALSE
	EndGlobalSection
	GlobalSection(ExtensibilityGlobals) = postSolution
		SolutionGuid = {EF922E3B-5804-4691-B5D2-847F3BEF9C65}
	EndGlobalSection
EndGlobal
